<Solution>
  <Folder Name="/src/">
    <Project Path="src/NeoWallet.Domain/NeoWallet.Domain.csproj" />
    <Project Path="src/NeoWallet.Application/NeoWallet.Application.csproj" />
    <Project Path="src/NeoWallet.Infrastructure/NeoWallet.Infrastructure.csproj" />
    <Project Path="src/NeoWallet.Api/NeoWallet.Api.csproj" />
  </Folder>
  <Folder Name="/tests/">
    <Project Path="tests/NeoWallet.Domain.UnitTests/NeoWallet.Domain.UnitTests.csproj" />
    <Project Path="tests/NeoWallet.Application.UnitTests/NeoWallet.Application.UnitTests.csproj" />
    <Project Path="tests/NeoWallet.Infrastructure.IntegrationTests/NeoWallet.Infrastructure.IntegrationTests.csproj" />
    <Project Path="tests/NeoWallet.Api.IntegrationTests/NeoWallet.Api.IntegrationTests.csproj" />
    <Project Path="tests/NeoWallet.ArchitectureTests/NeoWallet.ArchitectureTests.csproj" />
    <Project Path="tests/NeoWallet.Benchmarks/NeoWallet.Benchmarks.csproj" />
  </Folder>
</Solution>
